// !$*UTF8*$!
{
	archiveVersion = 1;
	classes = {
	};
	objectVersion = 56;
	objects = {

/* Begin PBXBuildFile section */
		3F108AB62949759F0053D5A0 /* WebView.swift in Sources */ = {isa = PBXBuildFile; fileRef = 3F108AB52949759F0053D5A0 /* WebView.swift */; };
		3F73D16E293F0C8B0004B060 /* NewItemView.swift in Sources */ = {isa = PBXBuildFile; fileRef = 3F73D16D293F0C8B0004B060 /* NewItemView.swift */; };
		3F8088BF294B21070081EC2F /* 787.af4277d5.chunk.js in Resources */ = {isa = PBXBuildFile; fileRef = 3F8088B1294B21070081EC2F /* 787.af4277d5.chunk.js */; };
		3F8088C0294B21070081EC2F /* robots.txt in Resources */ = {isa = PBXBuildFile; fileRef = 3F8088B2294B21070081EC2F /* robots.txt */; };
		3F8088C1294B21070081EC2F /* index.html in Resources */ = {isa = PBXBuildFile; fileRef = 3F8088B3294B21070081EC2F /* index.html */; };
		3F8088C2294B21070081EC2F /* logo512.png in Resources */ = {isa = PBXBuildFile; fileRef = 3F8088B4294B21070081EC2F /* logo512.png */; };
		3F8088C3294B21070081EC2F /* asset-manifest.json in Resources */ = {isa = PBXBuildFile; fileRef = 3F8088B7294B21070081EC2F /* asset-manifest.json */; };
		3F8088C4294B21070081EC2F /* logo192.png in Resources */ = {isa = PBXBuildFile; fileRef = 3F8088B8294B21070081EC2F /* logo192.png */; };
		3F8088C5294B21070081EC2F /* main.6397b630.js.LICENSE.txt in Resources */ = {isa = PBXBuildFile; fileRef = 3F8088B9294B21070081EC2F /* main.6397b630.js.LICENSE.txt */; };
		3F8088C6294B21070081EC2F /* main.6397b630.js in Resources */ = {isa = PBXBuildFile; fileRef = 3F8088BA294B21070081EC2F /* main.6397b630.js */; };
		3F8088C7294B21070081EC2F /* main.e6c13ad2.css in Resources */ = {isa = PBXBuildFile; fileRef = 3F8088BB294B21070081EC2F /* main.e6c13ad2.css */; };
		3F8088C8294B21070081EC2F /* manifest.json in Resources */ = {isa = PBXBuildFile; fileRef = 3F8088BD294B21070081EC2F /* manifest.json */; };
		3F8088C9294B21070081EC2F /* favicon.ico in Resources */ = {isa = PBXBuildFile; fileRef = 3F8088BE294B21070081EC2F /* favicon.ico */; };
		3F8088CA294B211E0081EC2F /* 787.af4277d5.chunk.js.map in Resources */ = {isa = PBXBuildFile; fileRef = 3F8088B5294B21070081EC2F /* 787.af4277d5.chunk.js.map */; };
		3F8088CB294B211E0081EC2F /* main.6397b630.js.map in Resources */ = {isa = PBXBuildFile; fileRef = 3F8088BC294B21070081EC2F /* main.6397b630.js.map */; };
		3F8088CC294B211E0081EC2F /* main.e6c13ad2.css.map in Resources */ = {isa = PBXBuildFile; fileRef = 3F8088B6294B21070081EC2F /* main.e6c13ad2.css.map */; };
		3FE6B47F2938DF5500559FBE /* YamlerApp.swift in Sources */ = {isa = PBXBuildFile; fileRef = 3FE6B47E2938DF5500559FBE /* YamlerApp.swift */; };
		3FE6B4832938DF5500559FBE /* ContentView.swift in Sources */ = {isa = PBXBuildFile; fileRef = 3FE6B4822938DF5500559FBE /* ContentView.swift */; };
		3FE6B4852938DF5600559FBE /* Assets.xcassets in Resources */ = {isa = PBXBuildFile; fileRef = 3FE6B4842938DF5600559FBE /* Assets.xcassets */; };
		3FE6B48A2938DF5600559FBE /* Preview Assets.xcassets in Resources */ = {isa = PBXBuildFile; fileRef = 3FE6B4892938DF5600559FBE /* Preview Assets.xcassets */; };
		3FE6B4942938DF5600559FBE /* YamlerTests.swift in Sources */ = {isa = PBXBuildFile; fileRef = 3FE6B4932938DF5600559FBE /* YamlerTests.swift */; };
		3FE6B49E2938DF5600559FBE /* YamlerUITests.swift in Sources */ = {isa = PBXBuildFile; fileRef = 3FE6B49D2938DF5600559FBE /* YamlerUITests.swift */; };
		3FE6B4A02938DF5600559FBE /* YamlerUITestsLaunchTests.swift in Sources */ = {isa = PBXBuildFile; fileRef = 3FE6B49F2938DF5600559FBE /* YamlerUITestsLaunchTests.swift */; };
		3FE6B4AD2938DFE100559FBE /* Model.swift in Sources */ = {isa = PBXBuildFile; fileRef = 3FE6B4AC2938DFE100559FBE /* Model.swift */; };
		3FE6B4AF2938E00000559FBE /* ViewModel.swift in Sources */ = {isa = PBXBuildFile; fileRef = 3FE6B4AE2938E00000559FBE /* ViewModel.swift */; };
		3FE6B4B12938E18100559FBE /* Ex.swift in Sources */ = {isa = PBXBuildFile; fileRef = 3FE6B4B02938E18100559FBE /* Ex.swift */; };
		3FE6B4B7293A456F00559FBE /* Yams in Frameworks */ = {isa = PBXBuildFile; productRef = 3FE6B4B6293A456F00559FBE /* Yams */; };
/* End PBXBuildFile section */

/* Begin PBXContainerItemProxy section */
		3FE6B4902938DF5600559FBE /* PBXContainerItemProxy */ = {
			isa = PBXContainerItemProxy;
			containerPortal = 3FE6B4732938DF5500559FBE /* Project object */;
			proxyType = 1;
			remoteGlobalIDString = 3FE6B47A2938DF5500559FBE;
			remoteInfo = Yamler;
		};
		3FE6B49A2938DF5600559FBE /* PBXContainerItemProxy */ = {
			isa = PBXContainerItemProxy;
			containerPortal = 3FE6B4732938DF5500559FBE /* Project object */;
			proxyType = 1;
			remoteGlobalIDString = 3FE6B47A2938DF5500559FBE;
			remoteInfo = Yamler;
		};
/* End PBXContainerItemProxy section */

/* Begin PBXFileReference section */
		3F108AB52949759F0053D5A0 /* WebView.swift */ = {isa = PBXFileReference; lastKnownFileType = sourcecode.swift; path = WebView.swift; sourceTree = "<group>"; };
		3F73D16D293F0C8B0004B060 /* NewItemView.swift */ = {isa = PBXFileReference; lastKnownFileType = sourcecode.swift; path = NewItemView.swift; sourceTree = "<group>"; };
		3F8088B1294B21070081EC2F /* 787.af4277d5.chunk.js */ = {isa = PBXFileReference; fileEncoding = 4; lastKnownFileType = sourcecode.javascript; path = 787.af4277d5.chunk.js; sourceTree = "<group>"; };
		3F8088B2294B21070081EC2F /* robots.txt */ = {isa = PBXFileReference; fileEncoding = 4; lastKnownFileType = text; path = robots.txt; sourceTree = "<group>"; };
		3F8088B3294B21070081EC2F /* index.html */ = {isa = PBXFileReference; fileEncoding = 4; lastKnownFileType = text.html; path = index.html; sourceTree = "<group>"; };
		3F8088B4294B21070081EC2F /* logo512.png */ = {isa = PBXFileReference; lastKnownFileType = image.png; path = logo512.png; sourceTree = "<group>"; };
		3F8088B5294B21070081EC2F /* 787.af4277d5.chunk.js.map */ = {isa = PBXFileReference; fileEncoding = 4; lastKnownFileType = "sourcecode.module-map"; path = 787.af4277d5.chunk.js.map; sourceTree = "<group>"; };
		3F8088B6294B21070081EC2F /* main.e6c13ad2.css.map */ = {isa = PBXFileReference; fileEncoding = 4; lastKnownFileType = "sourcecode.module-map"; path = main.e6c13ad2.css.map; sourceTree = "<group>"; };
		3F8088B7294B21070081EC2F /* asset-manifest.json */ = {isa = PBXFileReference; fileEncoding = 4; lastKnownFileType = text.json; path = "asset-manifest.json"; sourceTree = "<group>"; };
		3F8088B8294B21070081EC2F /* logo192.png */ = {isa = PBXFileReference; lastKnownFileType = image.png; path = logo192.png; sourceTree = "<group>"; };
		3F8088B9294B21070081EC2F /* main.6397b630.js.LICENSE.txt */ = {isa = PBXFileReference; fileEncoding = 4; lastKnownFileType = text; path = main.6397b630.js.LICENSE.txt; sourceTree = "<group>"; };
		3F8088BA294B21070081EC2F /* main.6397b630.js */ = {isa = PBXFileReference; fileEncoding = 4; lastKnownFileType = sourcecode.javascript; path = main.6397b630.js; sourceTree = "<group>"; };
		3F8088BB294B21070081EC2F /* main.e6c13ad2.css */ = {isa = PBXFileReference; fileEncoding = 4; lastKnownFileType = text.css; path = main.e6c13ad2.css; sourceTree = "<group>"; };
		3F8088BC294B21070081EC2F /* main.6397b630.js.map */ = {isa = PBXFileReference; fileEncoding = 4; lastKnownFileType = "sourcecode.module-map"; path = main.6397b630.js.map; sourceTree = "<group>"; };
		3F8088BD294B21070081EC2F /* manifest.json */ = {isa = PBXFileReference; fileEncoding = 4; lastKnownFileType = text.json; path = manifest.json; sourceTree = "<group>"; };
		3F8088BE294B21070081EC2F /* favicon.ico */ = {isa = PBXFileReference; lastKnownFileType = image.ico; path = favicon.ico; sourceTree = "<group>"; };
		3FE6B47B2938DF5500559FBE /* Yamler.app */ = {isa = PBXFileReference; explicitFileType = wrapper.application; includeInIndex = 0; path = Yamler.app; sourceTree = BUILT_PRODUCTS_DIR; };
		3FE6B47E2938DF5500559FBE /* YamlerApp.swift */ = {isa = PBXFileReference; lastKnownFileType = sourcecode.swift; path = YamlerApp.swift; sourceTree = "<group>"; };
		3FE6B4822938DF5500559FBE /* ContentView.swift */ = {isa = PBXFileReference; lastKnownFileType = sourcecode.swift; path = ContentView.swift; sourceTree = "<group>"; };
		3FE6B4842938DF5600559FBE /* Assets.xcassets */ = {isa = PBXFileReference; lastKnownFileType = folder.assetcatalog; path = Assets.xcassets; sourceTree = "<group>"; };
		3FE6B4862938DF5600559FBE /* Info.plist */ = {isa = PBXFileReference; lastKnownFileType = text.plist.xml; path = Info.plist; sourceTree = "<group>"; };
		3FE6B4872938DF5600559FBE /* Yamler.entitlements */ = {isa = PBXFileReference; lastKnownFileType = text.plist.entitlements; path = Yamler.entitlements; sourceTree = "<group>"; };
		3FE6B4892938DF5600559FBE /* Preview Assets.xcassets */ = {isa = PBXFileReference; lastKnownFileType = folder.assetcatalog; path = "Preview Assets.xcassets"; sourceTree = "<group>"; };
		3FE6B48F2938DF5600559FBE /* YamlerTests.xctest */ = {isa = PBXFileReference; explicitFileType = wrapper.cfbundle; includeInIndex = 0; path = YamlerTests.xctest; sourceTree = BUILT_PRODUCTS_DIR; };
		3FE6B4932938DF5600559FBE /* YamlerTests.swift */ = {isa = PBXFileReference; lastKnownFileType = sourcecode.swift; path = YamlerTests.swift; sourceTree = "<group>"; };
		3FE6B4992938DF5600559FBE /* YamlerUITests.xctest */ = {isa = PBXFileReference; explicitFileType = wrapper.cfbundle; includeInIndex = 0; path = YamlerUITests.xctest; sourceTree = BUILT_PRODUCTS_DIR; };
		3FE6B49D2938DF5600559FBE /* YamlerUITests.swift */ = {isa = PBXFileReference; lastKnownFileType = sourcecode.swift; path = YamlerUITests.swift; sourceTree = "<group>"; };
		3FE6B49F2938DF5600559FBE /* YamlerUITestsLaunchTests.swift */ = {isa = PBXFileReference; lastKnownFileType = sourcecode.swift; path = YamlerUITestsLaunchTests.swift; sourceTree = "<group>"; };
		3FE6B4AC2938DFE100559FBE /* Model.swift */ = {isa = PBXFileReference; lastKnownFileType = sourcecode.swift; path = Model.swift; sourceTree = "<group>"; };
		3FE6B4AE2938E00000559FBE /* ViewModel.swift */ = {isa = PBXFileReference; lastKnownFileType = sourcecode.swift; path = ViewModel.swift; sourceTree = "<group>"; };
		3FE6B4B02938E18100559FBE /* Ex.swift */ = {isa = PBXFileReference; lastKnownFileType = sourcecode.swift; path = Ex.swift; sourceTree = "<group>"; };
/* End PBXFileReference section */

/* Begin PBXFrameworksBuildPhase section */
		3FE6B4782938DF5500559FBE /* Frameworks */ = {
			isa = PBXFrameworksBuildPhase;
			buildActionMask = 2147483647;
			files = (
				3FE6B4B7293A456F00559FBE /* Yams in Frameworks */,
			);
			runOnlyForDeploymentPostprocessing = 0;
		};
		3FE6B48C2938DF5600559FBE /* Frameworks */ = {
			isa = PBXFrameworksBuildPhase;
			buildActionMask = 2147483647;
			files = (
			);
			runOnlyForDeploymentPostprocessing = 0;
		};
		3FE6B4962938DF5600559FBE /* Frameworks */ = {
			isa = PBXFrameworksBuildPhase;
			buildActionMask = 2147483647;
			files = (
			);
			runOnlyForDeploymentPostprocessing = 0;
		};
/* End PBXFrameworksBuildPhase section */

/* Begin PBXGroup section */
		3FE6B4722938DF5500559FBE = {
			isa = PBXGroup;
			children = (
				3FE6B47D2938DF5500559FBE /* Yamler */,
				3FE6B4922938DF5600559FBE /* YamlerTests */,
				3FE6B49C2938DF5600559FBE /* YamlerUITests */,
				3FE6B47C2938DF5500559FBE /* Products */,
			);
			sourceTree = "<group>";
		};
		3FE6B47C2938DF5500559FBE /* Products */ = {
			isa = PBXGroup;
			children = (
				3FE6B47B2938DF5500559FBE /* Yamler.app */,
				3FE6B48F2938DF5600559FBE /* YamlerTests.xctest */,
				3FE6B4992938DF5600559FBE /* YamlerUITests.xctest */,
			);
			name = Products;
			sourceTree = "<group>";
		};
		3FE6B47D2938DF5500559FBE /* Yamler */ = {
			isa = PBXGroup;
			children = (
				3F8088B1294B21070081EC2F /* 787.af4277d5.chunk.js */,
				3F8088B5294B21070081EC2F /* 787.af4277d5.chunk.js.map */,
				3F8088B7294B21070081EC2F /* asset-manifest.json */,
				3F8088BE294B21070081EC2F /* favicon.ico */,
				3F8088B3294B21070081EC2F /* index.html */,
				3F8088B8294B21070081EC2F /* logo192.png */,
				3F8088B4294B21070081EC2F /* logo512.png */,
				3F8088BA294B21070081EC2F /* main.6397b630.js */,
				3F8088B9294B21070081EC2F /* main.6397b630.js.LICENSE.txt */,
				3F8088BC294B21070081EC2F /* main.6397b630.js.map */,
				3F8088BB294B21070081EC2F /* main.e6c13ad2.css */,
				3F8088B6294B21070081EC2F /* main.e6c13ad2.css.map */,
				3F8088BD294B21070081EC2F /* manifest.json */,
				3F8088B2294B21070081EC2F /* robots.txt */,
				3FE6B47E2938DF5500559FBE /* YamlerApp.swift */,
				3FE6B4842938DF5600559FBE /* Assets.xcassets */,
				3FE6B4862938DF5600559FBE /* Info.plist */,
				3FE6B4872938DF5600559FBE /* Yamler.entitlements */,
				3FE6B4882938DF5600559FBE /* Preview Content */,
				3FE6B4822938DF5500559FBE /* ContentView.swift */,
				3FE6B4AC2938DFE100559FBE /* Model.swift */,
				3FE6B4AE2938E00000559FBE /* ViewModel.swift */,
				3FE6B4B02938E18100559FBE /* Ex.swift */,
				3F73D16D293F0C8B0004B060 /* NewItemView.swift */,
				3F108AB52949759F0053D5A0 /* WebView.swift */,
			);
			path = Yamler;
			sourceTree = "<group>";
		};
		3FE6B4882938DF5600559FBE /* Preview Content */ = {
			isa = PBXGroup;
			children = (
				3FE6B4892938DF5600559FBE /* Preview Assets.xcassets */,
			);
			path = "Preview Content";
			sourceTree = "<group>";
		};
		3FE6B4922938DF5600559FBE /* YamlerTests */ = {
			isa = PBXGroup;
			children = (
				3FE6B4932938DF5600559FBE /* YamlerTests.swift */,
			);
			path = YamlerTests;
			sourceTree = "<group>";
		};
		3FE6B49C2938DF5600559FBE /* YamlerUITests */ = {
			isa = PBXGroup;
			children = (
				3FE6B49D2938DF5600559FBE /* YamlerUITests.swift */,
				3FE6B49F2938DF5600559FBE /* YamlerUITestsLaunchTests.swift */,
			);
			path = YamlerUITests;
			sourceTree = "<group>";
		};
/* End PBXGroup section */

/* Begin PBXNativeTarget section */
		3FE6B47A2938DF5500559FBE /* Yamler */ = {
			isa = PBXNativeTarget;
			buildConfigurationList = 3FE6B4A32938DF5600559FBE /* Build configuration list for PBXNativeTarget "Yamler" */;
			buildPhases = (
				3FE6B4772938DF5500559FBE /* Sources */,
				3FE6B4782938DF5500559FBE /* Frameworks */,
				3FE6B4792938DF5500559FBE /* Resources */,
			);
			buildRules = (
			);
			dependencies = (
			);
			name = Yamler;
			packageProductDependencies = (
				3FE6B4B6293A456F00559FBE /* Yams */,
			);
			productName = Yamler;
			productReference = 3FE6B47B2938DF5500559FBE /* Yamler.app */;
			productType = "com.apple.product-type.application";
		};
		3FE6B48E2938DF5600559FBE /* YamlerTests */ = {
			isa = PBXNativeTarget;
			buildConfigurationList = 3FE6B4A62938DF5600559FBE /* Build configuration list for PBXNativeTarget "YamlerTests" */;
			buildPhases = (
				3FE6B48B2938DF5600559FBE /* Sources */,
				3FE6B48C2938DF5600559FBE /* Frameworks */,
				3FE6B48D2938DF5600559FBE /* Resources */,
			);
			buildRules = (
			);
			dependencies = (
				3FE6B4912938DF5600559FBE /* PBXTargetDependency */,
			);
			name = YamlerTests;
			productName = YamlerTests;
			productReference = 3FE6B48F2938DF5600559FBE /* YamlerTests.xctest */;
			productType = "com.apple.product-type.bundle.unit-test";
		};
		3FE6B4982938DF5600559FBE /* YamlerUITests */ = {
			isa = PBXNativeTarget;
			buildConfigurationList = 3FE6B4A92938DF5600559FBE /* Build configuration list for PBXNativeTarget "YamlerUITests" */;
			buildPhases = (
				3FE6B4952938DF5600559FBE /* Sources */,
				3FE6B4962938DF5600559FBE /* Frameworks */,
				3FE6B4972938DF5600559FBE /* Resources */,
			);
			buildRules = (
			);
			dependencies = (
				3FE6B49B2938DF5600559FBE /* PBXTargetDependency */,
			);
			name = YamlerUITests;
			productName = YamlerUITests;
			productReference = 3FE6B4992938DF5600559FBE /* YamlerUITests.xctest */;
			productType = "com.apple.product-type.bundle.ui-testing";
		};
/* End PBXNativeTarget section */

/* Begin PBXProject section */
		3FE6B4732938DF5500559FBE /* Project object */ = {
			isa = PBXProject;
			attributes = {
				BuildIndependentTargetsInParallel = 1;
				LastSwiftUpdateCheck = 1410;
				LastUpgradeCheck = 1410;
				TargetAttributes = {
					3FE6B47A2938DF5500559FBE = {
						CreatedOnToolsVersion = 14.1;
					};
					3FE6B48E2938DF5600559FBE = {
						CreatedOnToolsVersion = 14.1;
						TestTargetID = 3FE6B47A2938DF5500559FBE;
					};
					3FE6B4982938DF5600559FBE = {
						CreatedOnToolsVersion = 14.1;
						TestTargetID = 3FE6B47A2938DF5500559FBE;
					};
				};
			};
			buildConfigurationList = 3FE6B4762938DF5500559FBE /* Build configuration list for PBXProject "Yamler" */;
			compatibilityVersion = "Xcode 14.0";
			developmentRegion = en;
			hasScannedForEncodings = 0;
			knownRegions = (
				en,
				Base,
			);
			mainGroup = 3FE6B4722938DF5500559FBE;
			packageReferences = (
				3FE6B4B5293A456F00559FBE /* XCRemoteSwiftPackageReference "Yams" */,
			);
			productRefGroup = 3FE6B47C2938DF5500559FBE /* Products */;
			projectDirPath = "";
			projectRoot = "";
			targets = (
				3FE6B47A2938DF5500559FBE /* Yamler */,
				3FE6B48E2938DF5600559FBE /* YamlerTests */,
				3FE6B4982938DF5600559FBE /* YamlerUITests */,
			);
		};
/* End PBXProject section */

/* Begin PBXResourcesBuildPhase section */
		3FE6B4792938DF5500559FBE /* Resources */ = {
			isa = PBXResourcesBuildPhase;
			buildActionMask = 2147483647;
			files = (
				3F8088CA294B211E0081EC2F /* 787.af4277d5.chunk.js.map in Resources */,
				3F8088CB294B211E0081EC2F /* main.6397b630.js.map in Resources */,
				3F8088CC294B211E0081EC2F /* main.e6c13ad2.css.map in Resources */,
				3F8088C1294B21070081EC2F /* index.html in Resources */,
				3F8088C9294B21070081EC2F /* favicon.ico in Resources */,
				3F8088BF294B21070081EC2F /* 787.af4277d5.chunk.js in Resources */,
				3F8088C0294B21070081EC2F /* robots.txt in Resources */,
				3F8088C4294B21070081EC2F /* logo192.png in Resources */,
				3F8088C8294B21070081EC2F /* manifest.json in Resources */,
				3FE6B48A2938DF5600559FBE /* Preview Assets.xcassets in Resources */,
				3F8088C3294B21070081EC2F /* asset-manifest.json in Resources */,
				3F8088C7294B21070081EC2F /* main.e6c13ad2.css in Resources */,
				3F8088C5294B21070081EC2F /* main.6397b630.js.LICENSE.txt in Resources */,
				3FE6B4852938DF5600559FBE /* Assets.xcassets in Resources */,
				3F8088C6294B21070081EC2F /* main.6397b630.js in Resources */,
				3F8088C2294B21070081EC2F /* logo512.png in Resources */,
			);
			runOnlyForDeploymentPostprocessing = 0;
		};
		3FE6B48D2938DF5600559FBE /* Resources */ = {
			isa = PBXResourcesBuildPhase;
			buildActionMask = 2147483647;
			files = (
			);
			runOnlyForDeploymentPostprocessing = 0;
		};
		3FE6B4972938DF5600559FBE /* Resources */ = {
			isa = PBXResourcesBuildPhase;
			buildActionMask = 2147483647;
			files = (
			);
			runOnlyForDeploymentPostprocessing = 0;
		};
/* End PBXResourcesBuildPhase section */

/* Begin PBXSourcesBuildPhase section */
		3FE6B4772938DF5500559FBE /* Sources */ = {
			isa = PBXSourcesBuildPhase;
			buildActionMask = 2147483647;
			files = (
				3F73D16E293F0C8B0004B060 /* NewItemView.swift in Sources */,
				3FE6B4AF2938E00000559FBE /* ViewModel.swift in Sources */,
				3FE6B4B12938E18100559FBE /* Ex.swift in Sources */,
				3FE6B47F2938DF5500559FBE /* YamlerApp.swift in Sources */,
				3FE6B4832938DF5500559FBE /* ContentView.swift in Sources */,
				3FE6B4AD2938DFE100559FBE /* Model.swift in Sources */,
				3F108AB62949759F0053D5A0 /* WebView.swift in Sources */,
			);
			runOnlyForDeploymentPostprocessing = 0;
		};
		3FE6B48B2938DF5600559FBE /* Sources */ = {
			isa = PBXSourcesBuildPhase;
			buildActionMask = 2147483647;
			files = (
				3FE6B4942938DF5600559FBE /* YamlerTests.swift in Sources */,
			);
			runOnlyForDeploymentPostprocessing = 0;
		};
		3FE6B4952938DF5600559FBE /* Sources */ = {
			isa = PBXSourcesBuildPhase;
			buildActionMask = 2147483647;
			files = (
				3FE6B4A02938DF5600559FBE /* YamlerUITestsLaunchTests.swift in Sources */,
				3FE6B49E2938DF5600559FBE /* YamlerUITests.swift in Sources */,
			);
			runOnlyForDeploymentPostprocessing = 0;
		};
/* End PBXSourcesBuildPhase section */

/* Begin PBXTargetDependency section */
		3FE6B4912938DF5600559FBE /* PBXTargetDependency */ = {
			isa = PBXTargetDependency;
			target = 3FE6B47A2938DF5500559FBE /* Yamler */;
			targetProxy = 3FE6B4902938DF5600559FBE /* PBXContainerItemProxy */;
		};
		3FE6B49B2938DF5600559FBE /* PBXTargetDependency */ = {
			isa = PBXTargetDependency;
			target = 3FE6B47A2938DF5500559FBE /* Yamler */;
			targetProxy = 3FE6B49A2938DF5600559FBE /* PBXContainerItemProxy */;
		};
/* End PBXTargetDependency section */

/* Begin XCBuildConfiguration section */
		3FE6B4A12938DF5600559FBE /* Debug */ = {
			isa = XCBuildConfiguration;
			buildSettings = {
				ALWAYS_SEARCH_USER_PATHS = NO;
				CLANG_ANALYZER_NONNULL = YES;
				CLANG_ANALYZER_NUMBER_OBJECT_CONVERSION = YES_AGGRESSIVE;
				CLANG_CXX_LANGUAGE_STANDARD = "gnu++20";
				CLANG_ENABLE_MODULES = YES;
				CLANG_ENABLE_OBJC_ARC = YES;
				CLANG_ENABLE_OBJC_WEAK = YES;
				CLANG_WARN_BLOCK_CAPTURE_AUTORELEASING = YES;
				CLANG_WARN_BOOL_CONVERSION = YES;
				CLANG_WARN_COMMA = YES;
				CLANG_WARN_CONSTANT_CONVERSION = YES;
				CLANG_WARN_DEPRECATED_OBJC_IMPLEMENTATIONS = YES;
				CLANG_WARN_DIRECT_OBJC_ISA_USAGE = YES_ERROR;
				CLANG_WARN_DOCUMENTATION_COMMENTS = YES;
				CLANG_WARN_EMPTY_BODY = YES;
				CLANG_WARN_ENUM_CONVERSION = YES;
				CLANG_WARN_INFINITE_RECURSION = YES;
				CLANG_WARN_INT_CONVERSION = YES;
				CLANG_WARN_NON_LITERAL_NULL_CONVERSION = YES;
				CLANG_WARN_OBJC_IMPLICIT_RETAIN_SELF = YES;
				CLANG_WARN_OBJC_LITERAL_CONVERSION = YES;
				CLANG_WARN_OBJC_ROOT_CLASS = YES_ERROR;
				CLANG_WARN_QUOTED_INCLUDE_IN_FRAMEWORK_HEADER = YES;
				CLANG_WARN_RANGE_LOOP_ANALYSIS = YES;
				CLANG_WARN_STRICT_PROTOTYPES = YES;
				CLANG_WARN_SUSPICIOUS_MOVE = YES;
				CLANG_WARN_UNGUARDED_AVAILABILITY = YES_AGGRESSIVE;
				CLANG_WARN_UNREACHABLE_CODE = YES;
				CLANG_WARN__DUPLICATE_METHOD_MATCH = YES;
				COPY_PHASE_STRIP = NO;
				DEBUG_INFORMATION_FORMAT = dwarf;
				ENABLE_STRICT_OBJC_MSGSEND = YES;
				ENABLE_TESTABILITY = YES;
				GCC_C_LANGUAGE_STANDARD = gnu11;
				GCC_DYNAMIC_NO_PIC = NO;
				GCC_NO_COMMON_BLOCKS = YES;
				GCC_OPTIMIZATION_LEVEL = 0;
				GCC_PREPROCESSOR_DEFINITIONS = (
					"DEBUG=1",
					"$(inherited)",
				);
				GCC_WARN_64_TO_32_BIT_CONVERSION = YES;
				GCC_WARN_ABOUT_RETURN_TYPE = YES_ERROR;
				GCC_WARN_UNDECLARED_SELECTOR = YES;
				GCC_WARN_UNINITIALIZED_AUTOS = YES_AGGRESSIVE;
				GCC_WARN_UNUSED_FUNCTION = YES;
				GCC_WARN_UNUSED_VARIABLE = YES;
				MTL_ENABLE_DEBUG_INFO = INCLUDE_SOURCE;
				MTL_FAST_MATH = YES;
				ONLY_ACTIVE_ARCH = YES;
				SWIFT_ACTIVE_COMPILATION_CONDITIONS = DEBUG;
				SWIFT_OPTIMIZATION_LEVEL = "-Onone";
			};
			name = Debug;
		};
		3FE6B4A22938DF5600559FBE /* Release */ = {
			isa = XCBuildConfiguration;
			buildSettings = {
				ALWAYS_SEARCH_USER_PATHS = NO;
				CLANG_ANALYZER_NONNULL = YES;
				CLANG_ANALYZER_NUMBER_OBJECT_CONVERSION = YES_AGGRESSIVE;
				CLANG_CXX_LANGUAGE_STANDARD = "gnu++20";
				CLANG_ENABLE_MODULES = YES;
				CLANG_ENABLE_OBJC_ARC = YES;
				CLANG_ENABLE_OBJC_WEAK = YES;
				CLANG_WARN_BLOCK_CAPTURE_AUTORELEASING = YES;
				CLANG_WARN_BOOL_CONVERSION = YES;
				CLANG_WARN_COMMA = YES;
				CLANG_WARN_CONSTANT_CONVERSION = YES;
				CLANG_WARN_DEPRECATED_OBJC_IMPLEMENTATIONS = YES;
				CLANG_WARN_DIRECT_OBJC_ISA_USAGE = YES_ERROR;
				CLANG_WARN_DOCUMENTATION_COMMENTS = YES;
				CLANG_WARN_EMPTY_BODY = YES;
				CLANG_WARN_ENUM_CONVERSION = YES;
				CLANG_WARN_INFINITE_RECURSION = YES;
				CLANG_WARN_INT_CONVERSION = YES;
				CLANG_WARN_NON_LITERAL_NULL_CONVERSION = YES;
				CLANG_WARN_OBJC_IMPLICIT_RETAIN_SELF = YES;
				CLANG_WARN_OBJC_LITERAL_CONVERSION = YES;
				CLANG_WARN_OBJC_ROOT_CLASS = YES_ERROR;
				CLANG_WARN_QUOTED_INCLUDE_IN_FRAMEWORK_HEADER = YES;
				CLANG_WARN_RANGE_LOOP_ANALYSIS = YES;
				CLANG_WARN_STRICT_PROTOTYPES = YES;
				CLANG_WARN_SUSPICIOUS_MOVE = YES;
				CLANG_WARN_UNGUARDED_AVAILABILITY = YES_AGGRESSIVE;
				CLANG_WARN_UNREACHABLE_CODE = YES;
				CLANG_WARN__DUPLICATE_METHOD_MATCH = YES;
				COPY_PHASE_STRIP = NO;
				DEBUG_INFORMATION_FORMAT = "dwarf-with-dsym";
				ENABLE_NS_ASSERTIONS = NO;
				ENABLE_STRICT_OBJC_MSGSEND = YES;
				GCC_C_LANGUAGE_STANDARD = gnu11;
				GCC_NO_COMMON_BLOCKS = YES;
				GCC_WARN_64_TO_32_BIT_CONVERSION = YES;
				GCC_WARN_ABOUT_RETURN_TYPE = YES_ERROR;
				GCC_WARN_UNDECLARED_SELECTOR = YES;
				GCC_WARN_UNINITIALIZED_AUTOS = YES_AGGRESSIVE;
				GCC_WARN_UNUSED_FUNCTION = YES;
				GCC_WARN_UNUSED_VARIABLE = YES;
				MTL_ENABLE_DEBUG_INFO = NO;
				MTL_FAST_MATH = YES;
				SWIFT_COMPILATION_MODE = wholemodule;
				SWIFT_OPTIMIZATION_LEVEL = "-O";
			};
			name = Release;
		};
		3FE6B4A42938DF5600559FBE /* Debug */ = {
			isa = XCBuildConfiguration;
			buildSettings = {
				ASSETCATALOG_COMPILER_APPICON_NAME = AppIcon;
				ASSETCATALOG_COMPILER_GLOBAL_ACCENT_COLOR_NAME = AccentColor;
				CODE_SIGN_ENTITLEMENTS = Yamler/Yamler.entitlements;
				CODE_SIGN_STYLE = Automatic;
				CURRENT_PROJECT_VERSION = 1;
				DEVELOPMENT_ASSET_PATHS = "\"Yamler/Preview Content\"";
				DEVELOPMENT_TEAM = N22PJBS26Y;
				ENABLE_HARDENED_RUNTIME = YES;
				ENABLE_PREVIEWS = YES;
				GENERATE_INFOPLIST_FILE = YES;
				INFOPLIST_FILE = Yamler/Info.plist;
				"INFOPLIST_KEY_UIApplicationSceneManifest_Generation[sdk=iphoneos*]" = YES;
				"INFOPLIST_KEY_UIApplicationSceneManifest_Generation[sdk=iphonesimulator*]" = YES;
				"INFOPLIST_KEY_UIApplicationSupportsIndirectInputEvents[sdk=iphoneos*]" = YES;
				"INFOPLIST_KEY_UIApplicationSupportsIndirectInputEvents[sdk=iphonesimulator*]" = YES;
				"INFOPLIST_KEY_UILaunchScreen_Generation[sdk=iphoneos*]" = YES;
				"INFOPLIST_KEY_UILaunchScreen_Generation[sdk=iphonesimulator*]" = YES;
				"INFOPLIST_KEY_UIStatusBarStyle[sdk=iphoneos*]" = UIStatusBarStyleDefault;
				"INFOPLIST_KEY_UIStatusBarStyle[sdk=iphonesimulator*]" = UIStatusBarStyleDefault;
				INFOPLIST_KEY_UISupportedInterfaceOrientations_iPad = "UIInterfaceOrientationPortrait UIInterfaceOrientationPortraitUpsideDown UIInterfaceOrientationLandscapeLeft UIInterfaceOrientationLandscapeRight";
				INFOPLIST_KEY_UISupportedInterfaceOrientations_iPhone = "UIInterfaceOrientationPortrait UIInterfaceOrientationLandscapeLeft UIInterfaceOrientationLandscapeRight";
				INFOPLIST_KEY_UISupportsDocumentBrowser = YES;
				"INFOPLIST_KEY_UISupportsDocumentBrowser[sdk=iphoneos*]" = YES;
				"INFOPLIST_KEY_UISupportsDocumentBrowser[sdk=iphonesimulator*]" = YES;
				IPHONEOS_DEPLOYMENT_TARGET = 16.0;
				LD_RUNPATH_SEARCH_PATHS = "@executable_path/Frameworks";
				"LD_RUNPATH_SEARCH_PATHS[sdk=macosx*]" = "@executable_path/../Frameworks";
				MACOSX_DEPLOYMENT_TARGET = 13.0;
				MARKETING_VERSION = 3;
				PRODUCT_BUNDLE_IDENTIFIER = dev.buhe.Yamler;
				PRODUCT_NAME = "$(TARGET_NAME)";
				SDKROOT = auto;
				SUPPORTED_PLATFORMS = "iphoneos iphonesimulator macosx";
				SWIFT_EMIT_LOC_STRINGS = YES;
				SWIFT_VERSION = 5.0;
				TARGETED_DEVICE_FAMILY = "1,2";
			};
			name = Debug;
		};
		3FE6B4A52938DF5600559FBE /* Release */ = {
			isa = XCBuildConfiguration;
			buildSettings = {
				ASSETCATALOG_COMPILER_APPICON_NAME = AppIcon;
				ASSETCATALOG_COMPILER_GLOBAL_ACCENT_COLOR_NAME = AccentColor;
				CODE_SIGN_ENTITLEMENTS = Yamler/Yamler.entitlements;
				CODE_SIGN_STYLE = Automatic;
				CURRENT_PROJECT_VERSION = 1;
				DEVELOPMENT_ASSET_PATHS = "\"Yamler/Preview Content\"";
				DEVELOPMENT_TEAM = N22PJBS26Y;
				ENABLE_HARDENED_RUNTIME = YES;
				ENABLE_PREVIEWS = YES;
				GENERATE_INFOPLIST_FILE = YES;
				INFOPLIST_FILE = Yamler/Info.plist;
				"INFOPLIST_KEY_UIApplicationSceneManifest_Generation[sdk=iphoneos*]" = YES;
				"INFOPLIST_KEY_UIApplicationSceneManifest_Generation[sdk=iphonesimulator*]" = YES;
				"INFOPLIST_KEY_UIApplicationSupportsIndirectInputEvents[sdk=iphoneos*]" = YES;
				"INFOPLIST_KEY_UIApplicationSupportsIndirectInputEvents[sdk=iphonesimulator*]" = YES;
				"INFOPLIST_KEY_UILaunchScreen_Generation[sdk=iphoneos*]" = YES;
				"INFOPLIST_KEY_UILaunchScreen_Generation[sdk=iphonesimulator*]" = YES;
				"INFOPLIST_KEY_UIStatusBarStyle[sdk=iphoneos*]" = UIStatusBarStyleDefault;
				"INFOPLIST_KEY_UIStatusBarStyle[sdk=iphonesimulator*]" = UIStatusBarStyleDefault;
				INFOPLIST_KEY_UISupportedInterfaceOrientations_iPad = "UIInterfaceOrientationPortrait UIInterfaceOrientationPortraitUpsideDown UIInterfaceOrientationLandscapeLeft UIInterfaceOrientationLandscapeRight";
				INFOPLIST_KEY_UISupportedInterfaceOrientations_iPhone = "UIInterfaceOrientationPortrait UIInterfaceOrientationLandscapeLeft UIInterfaceOrientationLandscapeRight";
				INFOPLIST_KEY_UISupportsDocumentBrowser = YES;
				"INFOPLIST_KEY_UISupportsDocumentBrowser[sdk=iphoneos*]" = YES;
				"INFOPLIST_KEY_UISupportsDocumentBrowser[sdk=iphonesimulator*]" = YES;
				IPHONEOS_DEPLOYMENT_TARGET = 16.0;
				LD_RUNPATH_SEARCH_PATHS = "@executable_path/Frameworks";
				"LD_RUNPATH_SEARCH_PATHS[sdk=macosx*]" = "@executable_path/../Frameworks";
				MACOSX_DEPLOYMENT_TARGET = 13.0;
				MARKETING_VERSION = 3;
				PRODUCT_BUNDLE_IDENTIFIER = dev.buhe.Yamler;
				PRODUCT_NAME = "$(TARGET_NAME)";
				SDKROOT = auto;
				SUPPORTED_PLATFORMS = "iphoneos iphonesimulator macosx";
				SWIFT_EMIT_LOC_STRINGS = YES;
				SWIFT_VERSION = 5.0;
				TARGETED_DEVICE_FAMILY = "1,2";
			};
			name = Release;
		};
		3FE6B4A72938DF5600559FBE /* Debug */ = {
			isa = XCBuildConfiguration;
			buildSettings = {
				ALWAYS_EMBED_SWIFT_STANDARD_LIBRARIES = YES;
				BUNDLE_LOADER = "$(TEST_HOST)";
				CODE_SIGN_STYLE = Automatic;
				CURRENT_PROJECT_VERSION = 1;
				DEVELOPMENT_TEAM = N22PJBS26Y;
				GENERATE_INFOPLIST_FILE = YES;
				IPHONEOS_DEPLOYMENT_TARGET = 16.1;
				MACOSX_DEPLOYMENT_TARGET = 13.0;
				MARKETING_VERSION = 1.0;
				PRODUCT_BUNDLE_IDENTIFIER = dev.buhe.YamlerTests;
				PRODUCT_NAME = "$(TARGET_NAME)";
				SDKROOT = auto;
				SUPPORTED_PLATFORMS = "iphoneos iphonesimulator macosx";
				SWIFT_EMIT_LOC_STRINGS = NO;
				SWIFT_VERSION = 5.0;
				TARGETED_DEVICE_FAMILY = "1,2";
				TEST_HOST = "$(BUILT_PRODUCTS_DIR)/Yamler.app/$(BUNDLE_EXECUTABLE_FOLDER_PATH)/Yamler";
			};
			name = Debug;
		};
		3FE6B4A82938DF5600559FBE /* Release */ = {
			isa = XCBuildConfiguration;
			buildSettings = {
				ALWAYS_EMBED_SWIFT_STANDARD_LIBRARIES = YES;
				BUNDLE_LOADER = "$(TEST_HOST)";
				CODE_SIGN_STYLE = Automatic;
				CURRENT_PROJECT_VERSION = 1;
				DEVELOPMENT_TEAM = N22PJBS26Y;
				GENERATE_INFOPLIST_FILE = YES;
				IPHONEOS_DEPLOYMENT_TARGET = 16.1;
				MACOSX_DEPLOYMENT_TARGET = 13.0;
				MARKETING_VERSION = 1.0;
				PRODUCT_BUNDLE_IDENTIFIER = dev.buhe.YamlerTests;
				PRODUCT_NAME = "$(TARGET_NAME)";
				SDKROOT = auto;
				SUPPORTED_PLATFORMS = "iphoneos iphonesimulator macosx";
				SWIFT_EMIT_LOC_STRINGS = NO;
				SWIFT_VERSION = 5.0;
				TARGETED_DEVICE_FAMILY = "1,2";
				TEST_HOST = "$(BUILT_PRODUCTS_DIR)/Yamler.app/$(BUNDLE_EXECUTABLE_FOLDER_PATH)/Yamler";
			};
			name = Release;
		};
		3FE6B4AA2938DF5600559FBE /* Debug */ = {
			isa = XCBuildConfiguration;
			buildSettings = {
				ALWAYS_EMBED_SWIFT_STANDARD_LIBRARIES = YES;
				CODE_SIGN_STYLE = Automatic;
				CURRENT_PROJECT_VERSION = 1;
				DEVELOPMENT_TEAM = N22PJBS26Y;
				GENERATE_INFOPLIST_FILE = YES;
				IPHONEOS_DEPLOYMENT_TARGET = 16.1;
				MACOSX_DEPLOYMENT_TARGET = 13.0;
				MARKETING_VERSION = 1.0;
				PRODUCT_BUNDLE_IDENTIFIER = dev.buhe.YamlerUITests;
				PRODUCT_NAME = "$(TARGET_NAME)";
				SDKROOT = auto;
				SUPPORTED_PLATFORMS = "iphoneos iphonesimulator macosx";
				SWIFT_EMIT_LOC_STRINGS = NO;
				SWIFT_VERSION = 5.0;
				TARGETED_DEVICE_FAMILY = "1,2";
				TEST_TARGET_NAME = Yamler;
			};
			name = Debug;
		};
		3FE6B4AB2938DF5600559FBE /* Release */ = {
			isa = XCBuildConfiguration;
			buildSettings = {
				ALWAYS_EMBED_SWIFT_STANDARD_LIBRARIES = YES;
				CODE_SIGN_STYLE = Automatic;
				CURRENT_PROJECT_VERSION = 1;
				DEVELOPMENT_TEAM = N22PJBS26Y;
				GENERATE_INFOPLIST_FILE = YES;
				IPHONEOS_DEPLOYMENT_TARGET = 16.1;
				MACOSX_DEPLOYMENT_TARGET = 13.0;
				MARKETING_VERSION = 1.0;
				PRODUCT_BUNDLE_IDENTIFIER = dev.buhe.YamlerUITests;
				PRODUCT_NAME = "$(TARGET_NAME)";
				SDKROOT = auto;
				SUPPORTED_PLATFORMS = "iphoneos iphonesimulator macosx";
				SWIFT_EMIT_LOC_STRINGS = NO;
				SWIFT_VERSION = 5.0;
				TARGETED_DEVICE_FAMILY = "1,2";
				TEST_TARGET_NAME = Yamler;
			};
			name = Release;
		};
/* End XCBuildConfiguration section */

/* Begin XCConfigurationList section */
		3FE6B4762938DF5500559FBE /* Build configuration list for PBXProject "Yamler" */ = {
			isa = XCConfigurationList;
			buildConfigurations = (
				3FE6B4A12938DF5600559FBE /* Debug */,
				3FE6B4A22938DF5600559FBE /* Release */,
			);
			defaultConfigurationIsVisible = 0;
			defaultConfigurationName = Release;
		};
		3FE6B4A32938DF5600559FBE /* Build configuration list for PBXNativeTarget "Yamler" */ = {
			isa = XCConfigurationList;
			buildConfigurations = (
				3FE6B4A42938DF5600559FBE /* Debug */,
				3FE6B4A52938DF5600559FBE /* Release */,
			);
			defaultConfigurationIsVisible = 0;
			defaultConfigurationName = Release;
		};
		3FE6B4A62938DF5600559FBE /* Build configuration list for PBXNativeTarget "YamlerTests" */ = {
			isa = XCConfigurationList;
			buildConfigurations = (
				3FE6B4A72938DF5600559FBE /* Debug */,
				3FE6B4A82938DF5600559FBE /* Release */,
			);
			defaultConfigurationIsVisible = 0;
			defaultConfigurationName = Release;
		};
		3FE6B4A92938DF5600559FBE /* Build configuration list for PBXNativeTarget "YamlerUITests" */ = {
			isa = XCConfigurationList;
			buildConfigurations = (
				3FE6B4AA2938DF5600559FBE /* Debug */,
				3FE6B4AB2938DF5600559FBE /* Release */,
			);
			defaultConfigurationIsVisible = 0;
			defaultConfigurationName = Release;
		};
/* End XCConfigurationList section */

/* Begin XCRemoteSwiftPackageReference section */
		3FE6B4B5293A456F00559FBE /* XCRemoteSwiftPackageReference "Yams" */ = {
			isa = XCRemoteSwiftPackageReference;
			repositoryURL = "https://github.com/jpsim/Yams";
			requirement = {
				kind = upToNextMajorVersion;
				minimumVersion = 5.0.0;
			};
		};
/* End XCRemoteSwiftPackageReference section */

/* Begin XCSwiftPackageProductDependency section */
		3FE6B4B6293A456F00559FBE /* Yams */ = {
			isa = XCSwiftPackageProductDependency;
			package = 3FE6B4B5293A456F00559FBE /* XCRemoteSwiftPackageReference "Yams" */;
			productName = Yams;
		};
/* End XCSwiftPackageProductDependency section */
	};
	rootObject = 3FE6B4732938DF5500559FBE /* Project object */;
}
